// !$*UTF8*$!
{
	archiveVersion = 1;
	classes = {
	};
	objectVersion = 46;
	objects = {

/* Begin PBXBuildFile section */
		92ADBBFC1A43BBC80060C4B9 /* main.m in Sources */ = {isa = PBXBuildFile; fileRef = 92ADBBFB1A43BBC80060C4B9 /* main.m */; };
		92ADBBFF1A43BBC80060C4B9 /* AppDelegate.m in Sources */ = {isa = PBXBuildFile; fileRef = 92ADBBFE1A43BBC80060C4B9 /* AppDelegate.m */; };
		92ADBC051A43BBC80060C4B9 /* Main.storyboard in Resources */ = {isa = PBXBuildFile; fileRef = 92ADBC031A43BBC80060C4B9 /* Main.storyboard */; };
		92ADBC071A43BBC80060C4B9 /* Images.xcassets in Resources */ = {isa = PBXBuildFile; fileRef = 92ADBC061A43BBC80060C4B9 /* Images.xcassets */; };
		92ADBC0A1A43BBC80060C4B9 /* LaunchScreen.xib in Resources */ = {isa = PBXBuildFile; fileRef = 92ADBC081A43BBC80060C4B9 /* LaunchScreen.xib */; };
		92ADBC161A43BBC80060C4B9 /* AnimationLesson1Tests.m in Sources */ = {isa = PBXBuildFile; fileRef = 92ADBC151A43BBC80060C4B9 /* AnimationLesson1Tests.m */; };
		92ADBC271A43C4B10060C4B9 /* ViewController.m in Sources */ = {isa = PBXBuildFile; fileRef = 92ADBC261A43C4B10060C4B9 /* ViewController.m */; };
		92ADBC2B1A43C5360060C4B9 /* AnimationItem.m in Sources */ = {isa = PBXBuildFile; fileRef = 92ADBC2A1A43C5360060C4B9 /* AnimationItem.m */; };
		92ADBC331A43CD380060C4B9 /* contact@2x.png in Resources */ = {isa = PBXBuildFile; fileRef = 92ADBC2D1A43CD380060C4B9 /* contact@2x.png */; };
		92ADBC341A43CD380060C4B9 /* game@2x.png in Resources */ = {isa = PBXBuildFile; fileRef = 92ADBC2E1A43CD380060C4B9 /* game@2x.png */; };
		92ADBC351A43CD380060C4B9 /* message@2x.png in Resources */ = {isa = PBXBuildFile; fileRef = 92ADBC2F1A43CD380060C4B9 /* message@2x.png */; };
		92ADBC361A43CD380060C4B9 /* painting@2x.png in Resources */ = {isa = PBXBuildFile; fileRef = 92ADBC301A43CD380060C4B9 /* painting@2x.png */; };
		92ADBC371A43CD380060C4B9 /* record@2x.png in Resources */ = {isa = PBXBuildFile; fileRef = 92ADBC311A43CD380060C4B9 /* record@2x.png */; };
		92ADBC381A43CD380060C4B9 /* safe@2x.png in Resources */ = {isa = PBXBuildFile; fileRef = 92ADBC321A43CD380060C4B9 /* safe@2x.png */; };
/* End PBXBuildFile section */

/* Begin PBXContainerItemProxy section */
		92ADBC101A43BBC80060C4B9 /* PBXContainerItemProxy */ = {
			isa = PBXContainerItemProxy;
			containerPortal = 92ADBBEE1A43BBC80060C4B9 /* Project object */;
			proxyType = 1;
			remoteGlobalIDString = 92ADBBF51A43BBC80060C4B9;
			remoteInfo = AnimationLesson1;
		};
/* End PBXContainerItemProxy section */

/* Begin PBXFileReference section */
		92ADBBF61A43BBC80060C4B9 /* AnimationLesson1.app */ = {isa = PBXFileReference; explicitFileType = wrapper.application; includeInIndex = 0; path = AnimationLesson1.app; sourceTree = BUILT_PRODUCTS_DIR; };
		92ADBBFA1A43BBC80060C4B9 /* Info.plist */ = {isa = PBXFileReference; lastKnownFileType = text.plist.xml; path = Info.plist; sourceTree = "<group>"; };
		92ADBBFB1A43BBC80060C4B9 /* main.m */ = {isa = PBXFileReference; lastKnownFileType = sourcecode.c.objc; path = main.m; sourceTree = "<group>"; };
		92ADBBFD1A43BBC80060C4B9 /* AppDelegate.h */ = {isa = PBXFileReference; lastKnownFileType = sourcecode.c.h; path = AppDelegate.h; sourceTree = "<group>"; };
		92ADBBFE1A43BBC80060C4B9 /* AppDelegate.m */ = {isa = PBXFileReference; lastKnownFileType = sourcecode.c.objc; path = AppDelegate.m; sourceTree = "<group>"; };
		92ADBC041A43BBC80060C4B9 /* Base */ = {isa = PBXFileReference; lastKnownFileType = file.storyboard; name = Base; path = Base.lproj/Main.storyboard; sourceTree = "<group>"; };
		92ADBC061A43BBC80060C4B9 /* Images.xcassets */ = {isa = PBXFileReference; lastKnownFileType = folder.assetcatalog; path = Images.xcassets; sourceTree = "<group>"; };
		92ADBC091A43BBC80060C4B9 /* Base */ = {isa = PBXFileReference; lastKnownFileType = file.xib; name = Base; path = Base.lproj/LaunchScreen.xib; sourceTree = "<group>"; };
		92ADBC0F1A43BBC80060C4B9 /* AnimationLesson1Tests.xctest */ = {isa = PBXFileReference; explicitFileType = wrapper.cfbundle; includeInIndex = 0; path = AnimationLesson1Tests.xctest; sourceTree = BUILT_PRODUCTS_DIR; };
		92ADBC141A43BBC80060C4B9 /* Info.plist */ = {isa = PBXFileReference; lastKnownFileType = text.plist.xml; path = Info.plist; sourceTree = "<group>"; };
		92ADBC151A43BBC80060C4B9 /* AnimationLesson1Tests.m */ = {isa = PBXFileReference; lastKnownFileType = sourcecode.c.objc; path = AnimationLesson1Tests.m; sourceTree = "<group>"; };
		92ADBC251A43C4B10060C4B9 /* ViewController.h */ = {isa = PBXFileReference; fileEncoding = 4; lastKnownFileType = sourcecode.c.h; path = ViewController.h; sourceTree = "<group>"; };
		92ADBC261A43C4B10060C4B9 /* ViewController.m */ = {isa = PBXFileReference; fileEncoding = 4; lastKnownFileType = sourcecode.c.objc; path = ViewController.m; sourceTree = "<group>"; };
		92ADBC281A43C4D60060C4B9 /* MacroDefinition.h */ = {isa = PBXFileReference; lastKnownFileType = sourcecode.c.h; path = MacroDefinition.h; sourceTree = "<group>"; };
		92ADBC291A43C5360060C4B9 /* AnimationItem.h */ = {isa = PBXFileReference; fileEncoding = 4; lastKnownFileType = sourcecode.c.h; path = AnimationItem.h; sourceTree = "<group>"; };
		92ADBC2A1A43C5360060C4B9 /* AnimationItem.m */ = {isa = PBXFileReference; fileEncoding = 4; lastKnownFileType = sourcecode.c.objc; path = AnimationItem.m; sourceTree = "<group>"; };
		92ADBC2D1A43CD380060C4B9 /* contact@2x.png */ = {isa = PBXFileReference; lastKnownFileType = image.png; path = "contact@2x.png"; sourceTree = "<group>"; };
		92ADBC2E1A43CD380060C4B9 /* game@2x.png */ = {isa = PBXFileReference; lastKnownFileType = image.png; path = "game@2x.png"; sourceTree = "<group>"; };
		92ADBC2F1A43CD380060C4B9 /* message@2x.png */ = {isa = PBXFileReference; lastKnownFileType = image.png; path = "message@2x.png"; sourceTree = "<group>"; };
		92ADBC301A43CD380060C4B9 /* painting@2x.png */ = {isa = PBXFileReference; lastKnownFileType = image.png; path = "painting@2x.png"; sourceTree = "<group>"; };
		92ADBC311A43CD380060C4B9 /* record@2x.png */ = {isa = PBXFileReference; lastKnownFileType = image.png; path = "record@2x.png"; sourceTree = "<group>"; };
		92ADBC321A43CD380060C4B9 /* safe@2x.png */ = {isa = PBXFileReference; lastKnownFileType = image.png; path = "safe@2x.png"; sourceTree = "<group>"; };
/* End PBXFileReference section */

/* Begin PBXFrameworksBuildPhase section */
		92ADBBF31A43BBC80060C4B9 /* Frameworks */ = {
			isa = PBXFrameworksBuildPhase;
			buildActionMask = 2147483647;
			files = (
			);
			runOnlyForDeploymentPostprocessing = 0;
		};
		92ADBC0C1A43BBC80060C4B9 /* Frameworks */ = {
			isa = PBXFrameworksBuildPhase;
			buildActionMask = 2147483647;
			files = (
			);
			runOnlyForDeploymentPostprocessing = 0;
		};
/* End PBXFrameworksBuildPhase section */

/* Begin PBXGroup section */
		92ADBBED1A43BBC80060C4B9 = {
			isa = PBXGroup;
			children = (
				92ADBBF81A43BBC80060C4B9 /* AnimationLesson1 */,
				92ADBC121A43BBC80060C4B9 /* AnimationLesson1Tests */,
				92ADBBF71A43BBC80060C4B9 /* Products */,
			);
			sourceTree = "<group>";
		};
		92ADBBF71A43BBC80060C4B9 /* Products */ = {
			isa = PBXGroup;
			children = (
				92ADBBF61A43BBC80060C4B9 /* AnimationLesson1.app */,
				92ADBC0F1A43BBC80060C4B9 /* AnimationLesson1Tests.xctest */,
			);
			name = Products;
			sourceTree = "<group>";
		};
		92ADBBF81A43BBC80060C4B9 /* AnimationLesson1 */ = {
			isa = PBXGroup;
			children = (
				92ADBC241A43C4A90060C4B9 /* XIB */,
				92ADBC201A43C4940060C4B9 /* Controller */,
				92ADBC211A43C4940060C4B9 /* Resource */,
				92ADBC221A43C4940060C4B9 /* Util */,
				92ADBC231A43C4940060C4B9 /* View */,
				92ADBBFD1A43BBC80060C4B9 /* AppDelegate.h */,
				92ADBBFE1A43BBC80060C4B9 /* AppDelegate.m */,
				92ADBC031A43BBC80060C4B9 /* Main.storyboard */,
				92ADBC061A43BBC80060C4B9 /* Images.xcassets */,
				92ADBC081A43BBC80060C4B9 /* LaunchScreen.xib */,
				92ADBBF91A43BBC80060C4B9 /* Supporting Files */,
			);
			path = AnimationLesson1;
			sourceTree = "<group>";
		};
		92ADBBF91A43BBC80060C4B9 /* Supporting Files */ = {
			isa = PBXGroup;
			children = (
				92ADBBFA1A43BBC80060C4B9 /* Info.plist */,
				92ADBBFB1A43BBC80060C4B9 /* main.m */,
			);
			name = "Supporting Files";
			sourceTree = "<group>";
		};
		92ADBC121A43BBC80060C4B9 /* AnimationLesson1Tests */ = {
			isa = PBXGroup;
			children = (
				92ADBC151A43BBC80060C4B9 /* AnimationLesson1Tests.m */,
				92ADBC131A43BBC80060C4B9 /* Supporting Files */,
			);
			path = AnimationLesson1Tests;
			sourceTree = "<group>";
		};
		92ADBC131A43BBC80060C4B9 /* Supporting Files */ = {
			isa = PBXGroup;
			children = (
				92ADBC141A43BBC80060C4B9 /* Info.plist */,
			);
			name = "Supporting Files";
			sourceTree = "<group>";
		};
		92ADBC201A43C4940060C4B9 /* Controller */ = {
			isa = PBXGroup;
			children = (
				92ADBC251A43C4B10060C4B9 /* ViewController.h */,
				92ADBC261A43C4B10060C4B9 /* ViewController.m */,
			);
			path = Controller;
			sourceTree = "<group>";
		};
		92ADBC211A43C4940060C4B9 /* Resource */ = {
			isa = PBXGroup;
			children = (
				92ADBC2C1A43CD380060C4B9 /* meizu */,
			);
			path = Resource;
			sourceTree = "<group>";
		};
		92ADBC221A43C4940060C4B9 /* Util */ = {
			isa = PBXGroup;
			children = (
				92ADBC281A43C4D60060C4B9 /* MacroDefinition.h */,
			);
			path = Util;
			sourceTree = "<group>";
		};
		92ADBC231A43C4940060C4B9 /* View */ = {
			isa = PBXGroup;
			children = (
				92ADBC291A43C5360060C4B9 /* AnimationItem.h */,
				92ADBC2A1A43C5360060C4B9 /* AnimationItem.m */,
			);
			path = View;
			sourceTree = "<group>";
		};
		92ADBC241A43C4A90060C4B9 /* XIB */ = {
			isa = PBXGroup;
			children = (
			);
			path = XIB;
			sourceTree = "<group>";
		};
		92ADBC2C1A43CD380060C4B9 /* meizu */ = {
			isa = PBXGroup;
			children = (
				92ADBC2D1A43CD380060C4B9 /* contact@2x.png */,
				92ADBC2E1A43CD380060C4B9 /* game@2x.png */,
				92ADBC2F1A43CD380060C4B9 /* message@2x.png */,
				92ADBC301A43CD380060C4B9 /* painting@2x.png */,
				92ADBC311A43CD380060C4B9 /* record@2x.png */,
				92ADBC321A43CD380060C4B9 /* safe@2x.png */,
			);
			path = meizu;
			sourceTree = "<group>";
		};
/* End PBXGroup section */

/* Begin PBXNativeTarget section */
		92ADBBF51A43BBC80060C4B9 /* AnimationLesson1 */ = {
			isa = PBXNativeTarget;
			buildConfigurationList = 92ADBC191A43BBC80060C4B9 /* Build configuration list for PBXNativeTarget "AnimationLesson1" */;
			buildPhases = (
				92ADBBF21A43BBC80060C4B9 /* Sources */,
				92ADBBF31A43BBC80060C4B9 /* Frameworks */,
				92ADBBF41A43BBC80060C4B9 /* Resources */,
			);
			buildRules = (
			);
			dependencies = (
			);
			name = AnimationLesson1;
			productName = AnimationLesson1;
			productReference = 92ADBBF61A43BBC80060C4B9 /* AnimationLesson1.app */;
			productType = "com.apple.product-type.application";
		};
		92ADBC0E1A43BBC80060C4B9 /* AnimationLesson1Tests */ = {
			isa = PBXNativeTarget;
			buildConfigurationList = 92ADBC1C1A43BBC80060C4B9 /* Build configuration list for PBXNativeTarget "AnimationLesson1Tests" */;
			buildPhases = (
				92ADBC0B1A43BBC80060C4B9 /* Sources */,
				92ADBC0C1A43BBC80060C4B9 /* Frameworks */,
				92ADBC0D1A43BBC80060C4B9 /* Resources */,
			);
			buildRules = (
			);
			dependencies = (
				92ADBC111A43BBC80060C4B9 /* PBXTargetDependency */,
			);
			name = AnimationLesson1Tests;
			productName = AnimationLesson1Tests;
			productReference = 92ADBC0F1A43BBC80060C4B9 /* AnimationLesson1Tests.xctest */;
			productType = "com.apple.product-type.bundle.unit-test";
		};
/* End PBXNativeTarget section */

/* Begin PBXProject section */
		92ADBBEE1A43BBC80060C4B9 /* Project object */ = {
			isa = PBXProject;
			attributes = {
				LastUpgradeCheck = 0610;
				ORGANIZATIONNAME = zangqilong;
				TargetAttributes = {
					92ADBBF51A43BBC80060C4B9 = {
						CreatedOnToolsVersion = 6.1.1;
					};
					92ADBC0E1A43BBC80060C4B9 = {
						CreatedOnToolsVersion = 6.1.1;
						TestTargetID = 92ADBBF51A43BBC80060C4B9;
					};
				};
			};
			buildConfigurationList = 92ADBBF11A43BBC80060C4B9 /* Build configuration list for PBXProject "AnimationLesson1" */;
			compatibilityVersion = "Xcode 3.2";
			developmentRegion = English;
			hasScannedForEncodings = 0;
			knownRegions = (
				en,
				Base,
			);
			mainGroup = 92ADBBED1A43BBC80060C4B9;
			productRefGroup = 92ADBBF71A43BBC80060C4B9 /* Products */;
			projectDirPath = "";
			projectRoot = "";
			targets = (
				92ADBBF51A43BBC80060C4B9 /* AnimationLesson1 */,
				92ADBC0E1A43BBC80060C4B9 /* AnimationLesson1Tests */,
			);
		};
/* End PBXProject section */

/* Begin PBXResourcesBuildPhase section */
		92ADBBF41A43BBC80060C4B9 /* Resources */ = {
			isa = PBXResourcesBuildPhase;
			buildActionMask = 2147483647;
			files = (
				92ADBC051A43BBC80060C4B9 /* Main.storyboard in Resources */,
				92ADBC341A43CD380060C4B9 /* game@2x.png in Resources */,
				92ADBC381A43CD380060C4B9 /* safe@2x.png in Resources */,
				92ADBC0A1A43BBC80060C4B9 /* LaunchScreen.xib in Resources */,
				92ADBC331A43CD380060C4B9 /* contact@2x.png in Resources */,
				92ADBC371A43CD380060C4B9 /* record@2x.png in Resources */,
				92ADBC071A43BBC80060C4B9 /* Images.xcassets in Resources */,
				92ADBC361A43CD380060C4B9 /* painting@2x.png in Resources */,
				92ADBC351A43CD380060C4B9 /* message@2x.png in Resources */,
			);
			runOnlyForDeploymentPostprocessing = 0;
		};
		92ADBC0D1A43BBC80060C4B9 /* Resources */ = {
			isa = PBXResourcesBuildPhase;
			buildActionMask = 2147483647;
			files = (
			);
			runOnlyForDeploymentPostprocessing = 0;
		};
/* End PBXResourcesBuildPhase section */

/* Begin PBXSourcesBuildPhase section */
		92ADBBF21A43BBC80060C4B9 /* Sources */ = {
			isa = PBXSourcesBuildPhase;
			buildActionMask = 2147483647;
			files = (
				92ADBC271A43C4B10060C4B9 /* ViewController.m in Sources */,
				92ADBC2B1A43C5360060C4B9 /* AnimationItem.m in Sources */,
				92ADBBFF1A43BBC80060C4B9 /* AppDelegate.m in Sources */,
				92ADBBFC1A43BBC80060C4B9 /* main.m in Sources */,
			);
			runOnlyForDeploymentPostprocessing = 0;
		};
		92ADBC0B1A43BBC80060C4B9 /* Sources */ = {
			isa = PBXSourcesBuildPhase;
			buildActionMask = 2147483647;
			files = (
				92ADBC161A43BBC80060C4B9 /* AnimationLesson1Tests.m in Sources */,
			);
			runOnlyForDeploymentPostprocessing = 0;
		};
/* End PBXSourcesBuildPhase section */

/* Begin PBXTargetDependency section */
		92ADBC111A43BBC80060C4B9 /* PBXTargetDependency */ = {
			isa = PBXTargetDependency;
			target = 92ADBBF51A43BBC80060C4B9 /* AnimationLesson1 */;
			targetProxy = 92ADBC101A43BBC80060C4B9 /* PBXContainerItemProxy */;
		};
/* End PBXTargetDependency section */

/* Begin PBXVariantGroup section */
		92ADBC031A43BBC80060C4B9 /* Main.storyboard */ = {
			isa = PBXVariantGroup;
			children = (
				92ADBC041A43BBC80060C4B9 /* Base */,
			);
			name = Main.storyboard;
			sourceTree = "<group>";
		};
		92ADBC081A43BBC80060C4B9 /* LaunchScreen.xib */ = {
			isa = PBXVariantGroup;
			children = (
				92ADBC091A43BBC80060C4B9 /* Base */,
			);
			name = LaunchScreen.xib;
			sourceTree = "<group>";
		};
/* End PBXVariantGroup section */

/* Begin XCBuildConfiguration section */
		92ADBC171A43BBC80060C4B9 /* Debug */ = {
			isa = XCBuildConfiguration;
			buildSettings = {
				ALWAYS_SEARCH_USER_PATHS = NO;
				CLANG_CXX_LANGUAGE_STANDARD = "gnu++0x";
				CLANG_CXX_LIBRARY = "libc++";
				CLANG_ENABLE_MODULES = YES;
				CLANG_ENABLE_OBJC_ARC = YES;
				CLANG_WARN_BOOL_CONVERSION = YES;
				CLANG_WARN_CONSTANT_CONVERSION = YES;
				CLANG_WARN_DIRECT_OBJC_ISA_USAGE = YES_ERROR;
				CLANG_WARN_EMPTY_BODY = YES;
				CLANG_WARN_ENUM_CONVERSION = YES;
				CLANG_WARN_INT_CONVERSION = YES;
				CLANG_WARN_OBJC_ROOT_CLASS = YES_ERROR;
				CLANG_WARN_UNREACHABLE_CODE = YES;
				CLANG_WARN__DUPLICATE_METHOD_MATCH = YES;
				"CODE_SIGN_IDENTITY[sdk=iphoneos*]" = "iPhone Developer";
				COPY_PHASE_STRIP = NO;
				ENABLE_STRICT_OBJC_MSGSEND = YES;
				GCC_C_LANGUAGE_STANDARD = gnu99;
				GCC_DYNAMIC_NO_PIC = NO;
				GCC_OPTIMIZATION_LEVEL = 0;
				GCC_PREPROCESSOR_DEFINITIONS = (
					"DEBUG=1",
					"$(inherited)",
				);
				GCC_SYMBOLS_PRIVATE_EXTERN = NO;
				GCC_WARN_64_TO_32_BIT_CONVERSION = YES;
				GCC_WARN_ABOUT_RETURN_TYPE = YES_ERROR;
				GCC_WARN_UNDECLARED_SELECTOR = YES;
				GCC_WARN_UNINITIALIZED_AUTOS = YES_AGGRESSIVE;
				GCC_WARN_UNUSED_FUNCTION = YES;
				GCC_WARN_UNUSED_VARIABLE = YES;
				IPHONEOS_DEPLOYMENT_TARGET = 8.1;
				MTL_ENABLE_DEBUG_INFO = YES;
				ONLY_ACTIVE_ARCH = YES;
				SDKROOT = iphoneos;
			};
			name = Debug;
		};
		92ADBC181A43BBC80060C4B9 /* Release */ = {
			isa = XCBuildConfiguration;
			buildSettings = {
				ALWAYS_SEARCH_USER_PATHS = NO;
				CLANG_CXX_LANGUAGE_STANDARD = "gnu++0x";
				CLANG_CXX_LIBRARY = "libc++";
				CLANG_ENABLE_MODULES = YES;
				CLANG_ENABLE_OBJC_ARC = YES;
				CLANG_WARN_BOOL_CONVERSION = YES;
				CLANG_WARN_CONSTANT_CONVERSION = YES;
				CLANG_WARN_DIRECT_OBJC_ISA_USAGE = YES_ERROR;
				CLANG_WARN_EMPTY_BODY = YES;
				CLANG_WARN_ENUM_CONVERSION = YES;
				CLANG_WARN_INT_CONVERSION = YES;
				CLANG_WARN_OBJC_ROOT_CLASS = YES_ERROR;
				CLANG_WARN_UNREACHABLE_CODE = YES;
				CLANG_WARN__DUPLICATE_METHOD_MATCH = YES;
				"CODE_SIGN_IDENTITY[sdk=iphoneos*]" = "iPhone Developer";
				COPY_PHASE_STRIP = YES;
				ENABLE_NS_ASSERTIONS = NO;
				ENABLE_STRICT_OBJC_MSGSEND = YES;
				GCC_C_LANGUAGE_STANDARD = gnu99;
				GCC_WARN_64_TO_32_BIT_CONVERSION = YES;
				GCC_WARN_ABOUT_RETURN_TYPE = YES_ERROR;
				GCC_WARN_UNDECLARED_SELECTOR = YES;
				GCC_WARN_UNINITIALIZED_AUTOS = YES_AGGRESSIVE;
				GCC_WARN_UNUSED_FUNCTION = YES;
				GCC_WARN_UNUSED_VARIABLE = YES;
				IPHONEOS_DEPLOYMENT_TARGET = 8.1;
				MTL_ENABLE_DEBUG_INFO = NO;
				SDKROOT = iphoneos;
				VALIDATE_PRODUCT = YES;
			};
			name = Release;
		};
		92ADBC1A1A43BBC80060C4B9 /* Debug */ = {
			isa = XCBuildConfiguration;
			buildSettings = {
				ASSETCATALOG_COMPILER_APPICON_NAME = AppIcon;
				INFOPLIST_FILE = AnimationLesson1/Info.plist;
				LD_RUNPATH_SEARCH_PATHS = "$(inherited) @executable_path/Frameworks";
				PRODUCT_NAME = "$(TARGET_NAME)";
			};
			name = Debug;
		};
		92ADBC1B1A43BBC80060C4B9 /* Release */ = {
			isa = XCBuildConfiguration;
			buildSettings = {
				ASSETCATALOG_COMPILER_APPICON_NAME = AppIcon;
				INFOPLIST_FILE = AnimationLesson1/Info.plist;
				LD_RUNPATH_SEARCH_PATHS = "$(inherited) @executable_path/Frameworks";
				PRODUCT_NAME = "$(TARGET_NAME)";
			};
			name = Release;
		};
		92ADBC1D1A43BBC80060C4B9 /* Debug */ = {
			isa = XCBuildConfiguration;
			buildSettings = {
				BUNDLE_LOADER = "$(TEST_HOST)";
				FRAMEWORK_SEARCH_PATHS = (
					"$(SDKROOT)/Developer/Library/Frameworks",
					"$(inherited)",
				);
				GCC_PREPROCESSOR_DEFINITIONS = (
					"DEBUG=1",
					"$(inherited)",
				);
				INFOPLIST_FILE = AnimationLesson1Tests/Info.plist;
				LD_RUNPATH_SEARCH_PATHS = "$(inherited) @executable_path/Frameworks @loader_path/Frameworks";
				PRODUCT_NAME = "$(TARGET_NAME)";
				TEST_HOST = "$(BUILT_PRODUCTS_DIR)/AnimationLesson1.app/AnimationLesson1";
			};
			name = Debug;
		};
		92ADBC1E1A43BBC80060C4B9 /* Release */ = {
			isa = XCBuildConfiguration;
			buildSettings = {
				BUNDLE_LOADER = "$(TEST_HOST)";
				FRAMEWORK_SEARCH_PATHS = (
					"$(SDKROOT)/Developer/Library/Frameworks",
					"$(inherited)",
				);
				INFOPLIST_FILE = AnimationLesson1Tests/Info.plist;
				LD_RUNPATH_SEARCH_PATHS = "$(inherited) @executable_path/Frameworks @loader_path/Frameworks";
				PRODUCT_NAME = "$(TARGET_NAME)";
				TEST_HOST = "$(BUILT_PRODUCTS_DIR)/AnimationLesson1.app/AnimationLesson1";
			};
			name = Release;
		};
/* End XCBuildConfiguration section */

/* Begin XCConfigurationList section */
		92ADBBF11A43BBC80060C4B9 /* Build configuration list for PBXProject "AnimationLesson1" */ = {
			isa = XCConfigurationList;
			buildConfigurations = (
				92ADBC171A43BBC80060C4B9 /* Debug */,
				92ADBC181A43BBC80060C4B9 /* Release */,
			);
			defaultConfigurationIsVisible = 0;
			defaultConfigurationName = Release;
		};
		92ADBC191A43BBC80060C4B9 /* Build configuration list for PBXNativeTarget "AnimationLesson1" */ = {
			isa = XCConfigurationList;
			buildConfigurations = (
				92ADBC1A1A43BBC80060C4B9 /* Debug */,
				92ADBC1B1A43BBC80060C4B9 /* Release */,
			);
			defaultConfigurationIsVisible = 0;
		};
		92ADBC1C1A43BBC80060C4B9 /* Build configuration list for PBXNativeTarget "AnimationLesson1Tests" */ = {
			isa = XCConfigurationList;
			buildConfigurations = (
				92ADBC1D1A43BBC80060C4B9 /* Debug */,
				92ADBC1E1A43BBC80060C4B9 /* Release */,
			);
			defaultConfigurationIsVisible = 0;
		};
/* End XCConfigurationList section */
	};
	rootObject = 92ADBBEE1A43BBC80060C4B9 /* Project object */;
}
